# THIS IS AN AUTOGENERATED FILE. DO NOT EDIT THIS FILE DIRECTLY.
# yarn lockfile v1


hermes-profile-transformer@^0.0.9:
  version "0.0.9"
  resolved "https://registry.yarnpkg.com/hermes-profile-transformer/-/hermes-profile-transformer-0.0.9.tgz#ae9a7221c3392c391ab068cd69cc8c7536c141f3"
  integrity sha512-JYPUE9zA+W/hpTIGBV+t2ODvntataLLMfntoEcpEpKFDwdR6+Quk9SwLnWX9y2A3ZII6N4T8w3TUBC2ejsEGBw==
  dependencies:
    source-map "^0.7.3"

source-map@^0.7.3:
  version "0.7.4"
  resolved "https://registry.yarnpkg.com/source-map/-/source-map-0.7.4.tgz#a9bbe705c9d8846f4e08ff6765acf0f1b0898656"
  integrity sha512-l3BikUxvPOcn5E74dZiq5BGsTb5yEwhaTSzccU6t4sDOH8NWJCstKO5QT2CvtFoK6F0saL7p9xHAqHOlCPJygA==
